// !$*UTF8*$!
{
	archiveVersion = 1;
	classes = {
	};
	objectVersion = 46;
	objects = {

/* Begin PBXBuildFile section */
		4A0278741F2105050060DAC3 /* AppDelegate.swift in Sources */ = {isa = PBXBuildFile; fileRef = 4A0278731F2105050060DAC3 /* AppDelegate.swift */; };
		4A0278761F2105050060DAC3 /* ViewController.swift in Sources */ = {isa = PBXBuildFile; fileRef = 4A0278751F2105050060DAC3 /* ViewController.swift */; };
		4A0278791F2105050060DAC3 /* Main.storyboard in Resources */ = {isa = PBXBuildFile; fileRef = 4A0278771F2105050060DAC3 /* Main.storyboard */; };
		4A02787C1F2105050060DAC3 /* MonkeyDataTesting.xcdatamodeld in Sources */ = {isa = PBXBuildFile; fileRef = 4A02787A1F2105050060DAC3 /* MonkeyDataTesting.xcdatamodeld */; };
		4A02787E1F2105050060DAC3 /* Assets.xcassets in Resources */ = {isa = PBXBuildFile; fileRef = 4A02787D1F2105050060DAC3 /* Assets.xcassets */; };
		4A0278811F2105050060DAC3 /* LaunchScreen.storyboard in Resources */ = {isa = PBXBuildFile; fileRef = 4A02787F1F2105050060DAC3 /* LaunchScreen.storyboard */; };
		4A02788B1F2109C40060DAC3 /* APIController.swift in Sources */ = {isa = PBXBuildFile; fileRef = 4A02788A1F2109C40060DAC3 /* APIController.swift */; };
		4A02788D1F2109D90060DAC3 /* Video.swift in Sources */ = {isa = PBXBuildFile; fileRef = 4A02788C1F2109D90060DAC3 /* Video.swift */; };
		4A02788F1F2109F30060DAC3 /* DataManager.swift in Sources */ = {isa = PBXBuildFile; fileRef = 4A02788E1F2109F30060DAC3 /* DataManager.swift */; };
		4AC1FEC01F21126400613334 /* MonkeyChannel.swift in Sources */ = {isa = PBXBuildFile; fileRef = 4AC1FEBF1F21126400613334 /* MonkeyChannel.swift */; };
		4AC1FEC21F21489F00613334 /* FeaturedMonkey.swift in Sources */ = {isa = PBXBuildFile; fileRef = 4AC1FEC11F21489F00613334 /* FeaturedMonkey.swift */; };
		4AC1FEC41F2148DF00613334 /* MonkeyCategory.swift in Sources */ = {isa = PBXBuildFile; fileRef = 4AC1FEC31F2148DF00613334 /* MonkeyCategory.swift */; };
		4AC1FEC61F21490300613334 /* LiveMonkey.swift in Sources */ = {isa = PBXBuildFile; fileRef = 4AC1FEC51F21490300613334 /* LiveMonkey.swift */; };
		4AC1FEC81F21492B00613334 /* MonkeyPlaylist.swift in Sources */ = {isa = PBXBuildFile; fileRef = 4AC1FEC71F21492B00613334 /* MonkeyPlaylist.swift */; };
		4AC1FECA1F21497300613334 /* MonkeyImage.swift in Sources */ = {isa = PBXBuildFile; fileRef = 4AC1FEC91F21497300613334 /* MonkeyImage.swift */; };
		4AC1FECC1F214EBF00613334 /* MonkeyImagesViewController.swift in Sources */ = {isa = PBXBuildFile; fileRef = 4AC1FECB1F214EBF00613334 /* MonkeyImagesViewController.swift */; };
		4AC1FECE1F21617C00613334 /* MonkeyCategoryViewController.swift in Sources */ = {isa = PBXBuildFile; fileRef = 4AC1FECD1F21617C00613334 /* MonkeyCategoryViewController.swift */; };
		4AC1FED01F22798100613334 /* MonkeyPlaylistInfo.swift in Sources */ = {isa = PBXBuildFile; fileRef = 4AC1FECF1F22798100613334 /* MonkeyPlaylistInfo.swift */; };
		4AC1FED61F26704300613334 /* MonkeyVideo.swift in Sources */ = {isa = PBXBuildFile; fileRef = 4AC1FED51F26704300613334 /* MonkeyVideo.swift */; };
		4AC1FED81F267BAF00613334 /* MonkeyCell.swift in Sources */ = {isa = PBXBuildFile; fileRef = 4AC1FED71F267BAE00613334 /* MonkeyCell.swift */; };
		4AC1FEDA1F267BD500613334 /* RefTableViewController.swift in Sources */ = {isa = PBXBuildFile; fileRef = 4AC1FED91F267BD500613334 /* RefTableViewController.swift */; };
		4AC1FEDC1F26861100613334 /* MonkeyVideosTableViewController.swift in Sources */ = {isa = PBXBuildFile; fileRef = 4AC1FEDB1F26861000613334 /* MonkeyVideosTableViewController.swift */; };
		4AC1FEDE1F26869B00613334 /* MonkeyVideoCell.swift in Sources */ = {isa = PBXBuildFile; fileRef = 4AC1FEDD1F26869B00613334 /* MonkeyVideoCell.swift */; };
		4AC1FEE01F27AE1700613334 /* DetailsViewController.swift in Sources */ = {isa = PBXBuildFile; fileRef = 4AC1FEDF1F27AE1700613334 /* DetailsViewController.swift */; };
		4AC1FEE21F27C1F200613334 /* DetailVideoCell.swift in Sources */ = {isa = PBXBuildFile; fileRef = 4AC1FEE11F27C1F200613334 /* DetailVideoCell.swift */; };
		4AC1FEE41F293AC000613334 /* RawVideo.swift in Sources */ = {isa = PBXBuildFile; fileRef = 4AC1FEE31F293AC000613334 /* RawVideo.swift */; };
		4AC1FEE61F29464200613334 /* CoreDataManager.swift in Sources */ = {isa = PBXBuildFile; fileRef = 4AC1FEE51F29464200613334 /* CoreDataManager.swift */; };
		4AC1FEE81F2A363A00613334 /* SearchViewController.swift in Sources */ = {isa = PBXBuildFile; fileRef = 4AC1FEE71F2A363900613334 /* SearchViewController.swift */; };
		4AC1FEEA1F2A490D00613334 /* ResultsCell.swift in Sources */ = {isa = PBXBuildFile; fileRef = 4AC1FEE91F2A490C00613334 /* ResultsCell.swift */; };
/* End PBXBuildFile section */

/* Begin PBXFileReference section */
		4A0278701F2105050060DAC3 /* MonkeyDataTesting.app */ = {isa = PBXFileReference; explicitFileType = wrapper.application; includeInIndex = 0; path = MonkeyDataTesting.app; sourceTree = BUILT_PRODUCTS_DIR; };
		4A0278731F2105050060DAC3 /* AppDelegate.swift */ = {isa = PBXFileReference; lastKnownFileType = sourcecode.swift; path = AppDelegate.swift; sourceTree = "<group>"; };
		4A0278751F2105050060DAC3 /* ViewController.swift */ = {isa = PBXFileReference; lastKnownFileType = sourcecode.swift; path = ViewController.swift; sourceTree = "<group>"; };
		4A0278781F2105050060DAC3 /* Base */ = {isa = PBXFileReference; lastKnownFileType = file.storyboard; name = Base; path = Base.lproj/Main.storyboard; sourceTree = "<group>"; };
		4A02787B1F2105050060DAC3 /* MonkeyDataTesting.xcdatamodel */ = {isa = PBXFileReference; lastKnownFileType = wrapper.xcdatamodel; path = MonkeyDataTesting.xcdatamodel; sourceTree = "<group>"; };
		4A02787D1F2105050060DAC3 /* Assets.xcassets */ = {isa = PBXFileReference; lastKnownFileType = folder.assetcatalog; path = Assets.xcassets; sourceTree = "<group>"; };
		4A0278801F2105050060DAC3 /* Base */ = {isa = PBXFileReference; lastKnownFileType = file.storyboard; name = Base; path = Base.lproj/LaunchScreen.storyboard; sourceTree = "<group>"; };
		4A0278821F2105050060DAC3 /* Info.plist */ = {isa = PBXFileReference; lastKnownFileType = text.plist.xml; path = Info.plist; sourceTree = "<group>"; };
		4A02788A1F2109C40060DAC3 /* APIController.swift */ = {isa = PBXFileReference; fileEncoding = 4; lastKnownFileType = sourcecode.swift; path = APIController.swift; sourceTree = "<group>"; };
		4A02788C1F2109D90060DAC3 /* Video.swift */ = {isa = PBXFileReference; fileEncoding = 4; lastKnownFileType = sourcecode.swift; path = Video.swift; sourceTree = "<group>"; };
		4A02788E1F2109F30060DAC3 /* DataManager.swift */ = {isa = PBXFileReference; fileEncoding = 4; lastKnownFileType = sourcecode.swift; path = DataManager.swift; sourceTree = "<group>"; };
		4AC1FEBF1F21126400613334 /* MonkeyChannel.swift */ = {isa = PBXFileReference; fileEncoding = 4; lastKnownFileType = sourcecode.swift; path = MonkeyChannel.swift; sourceTree = "<group>"; };
		4AC1FEC11F21489F00613334 /* FeaturedMonkey.swift */ = {isa = PBXFileReference; fileEncoding = 4; lastKnownFileType = sourcecode.swift; path = FeaturedMonkey.swift; sourceTree = "<group>"; };
		4AC1FEC31F2148DF00613334 /* MonkeyCategory.swift */ = {isa = PBXFileReference; fileEncoding = 4; lastKnownFileType = sourcecode.swift; path = MonkeyCategory.swift; sourceTree = "<group>"; };
		4AC1FEC51F21490300613334 /* LiveMonkey.swift */ = {isa = PBXFileReference; fileEncoding = 4; lastKnownFileType = sourcecode.swift; path = LiveMonkey.swift; sourceTree = "<group>"; };
		4AC1FEC71F21492B00613334 /* MonkeyPlaylist.swift */ = {isa = PBXFileReference; fileEncoding = 4; lastKnownFileType = sourcecode.swift; path = MonkeyPlaylist.swift; sourceTree = "<group>"; };
		4AC1FEC91F21497300613334 /* MonkeyImage.swift */ = {isa = PBXFileReference; fileEncoding = 4; lastKnownFileType = sourcecode.swift; path = MonkeyImage.swift; sourceTree = "<group>"; };
		4AC1FECB1F214EBF00613334 /* MonkeyImagesViewController.swift */ = {isa = PBXFileReference; fileEncoding = 4; lastKnownFileType = sourcecode.swift; path = MonkeyImagesViewController.swift; sourceTree = "<group>"; };
		4AC1FECD1F21617C00613334 /* MonkeyCategoryViewController.swift */ = {isa = PBXFileReference; fileEncoding = 4; lastKnownFileType = sourcecode.swift; path = MonkeyCategoryViewController.swift; sourceTree = "<group>"; };
		4AC1FECF1F22798100613334 /* MonkeyPlaylistInfo.swift */ = {isa = PBXFileReference; fileEncoding = 4; lastKnownFileType = sourcecode.swift; path = MonkeyPlaylistInfo.swift; sourceTree = "<group>"; };
		4AC1FED51F26704300613334 /* MonkeyVideo.swift */ = {isa = PBXFileReference; fileEncoding = 4; lastKnownFileType = sourcecode.swift; path = MonkeyVideo.swift; sourceTree = "<group>"; };
		4AC1FED71F267BAE00613334 /* MonkeyCell.swift */ = {isa = PBXFileReference; fileEncoding = 4; lastKnownFileType = sourcecode.swift; path = MonkeyCell.swift; sourceTree = "<group>"; };
		4AC1FED91F267BD500613334 /* RefTableViewController.swift */ = {isa = PBXFileReference; fileEncoding = 4; lastKnownFileType = sourcecode.swift; path = RefTableViewController.swift; sourceTree = "<group>"; };
		4AC1FEDB1F26861000613334 /* MonkeyVideosTableViewController.swift */ = {isa = PBXFileReference; fileEncoding = 4; lastKnownFileType = sourcecode.swift; path = MonkeyVideosTableViewController.swift; sourceTree = "<group>"; };
		4AC1FEDD1F26869B00613334 /* MonkeyVideoCell.swift */ = {isa = PBXFileReference; fileEncoding = 4; lastKnownFileType = sourcecode.swift; path = MonkeyVideoCell.swift; sourceTree = "<group>"; };
		4AC1FEDF1F27AE1700613334 /* DetailsViewController.swift */ = {isa = PBXFileReference; fileEncoding = 4; lastKnownFileType = sourcecode.swift; path = DetailsViewController.swift; sourceTree = "<group>"; };
		4AC1FEE11F27C1F200613334 /* DetailVideoCell.swift */ = {isa = PBXFileReference; fileEncoding = 4; lastKnownFileType = sourcecode.swift; path = DetailVideoCell.swift; sourceTree = "<group>"; };
		4AC1FEE31F293AC000613334 /* RawVideo.swift */ = {isa = PBXFileReference; fileEncoding = 4; lastKnownFileType = sourcecode.swift; path = RawVideo.swift; sourceTree = "<group>"; };
		4AC1FEE51F29464200613334 /* CoreDataManager.swift */ = {isa = PBXFileReference; fileEncoding = 4; lastKnownFileType = sourcecode.swift; path = CoreDataManager.swift; sourceTree = "<group>"; };
		4AC1FEE71F2A363900613334 /* SearchViewController.swift */ = {isa = PBXFileReference; fileEncoding = 4; lastKnownFileType = sourcecode.swift; path = SearchViewController.swift; sourceTree = "<group>"; };
		4AC1FEE91F2A490C00613334 /* ResultsCell.swift */ = {isa = PBXFileReference; fileEncoding = 4; lastKnownFileType = sourcecode.swift; path = ResultsCell.swift; sourceTree = "<group>"; };
/* End PBXFileReference section */

/* Begin PBXFrameworksBuildPhase section */
		4A02786D1F2105050060DAC3 /* Frameworks */ = {
			isa = PBXFrameworksBuildPhase;
			buildActionMask = 2147483647;
			files = (
			);
			runOnlyForDeploymentPostprocessing = 0;
		};
/* End PBXFrameworksBuildPhase section */

/* Begin PBXGroup section */
		4A0278671F2105050060DAC3 = {
			isa = PBXGroup;
			children = (
				4A0278721F2105050060DAC3 /* MonkeyDataTesting */,
				4A0278711F2105050060DAC3 /* Products */,
			);
			sourceTree = "<group>";
		};
		4A0278711F2105050060DAC3 /* Products */ = {
			isa = PBXGroup;
			children = (
				4A0278701F2105050060DAC3 /* MonkeyDataTesting.app */,
			);
			name = Products;
			sourceTree = "<group>";
		};
		4A0278721F2105050060DAC3 /* MonkeyDataTesting */ = {
			isa = PBXGroup;
			children = (
				4A0278731F2105050060DAC3 /* AppDelegate.swift */,
				4A02788C1F2109D90060DAC3 /* Video.swift */,
				4AC1FEE51F29464200613334 /* CoreDataManager.swift */,
				4A02788A1F2109C40060DAC3 /* APIController.swift */,
				4AC1FEE31F293AC000613334 /* RawVideo.swift */,
				4A02788E1F2109F30060DAC3 /* DataManager.swift */,
				4AC1FED91F267BD500613334 /* RefTableViewController.swift */,
				4AC1FEE11F27C1F200613334 /* DetailVideoCell.swift */,
				4AC1FEE71F2A363900613334 /* SearchViewController.swift */,
				4AC1FEE91F2A490C00613334 /* ResultsCell.swift */,
				4AC1FED71F267BAE00613334 /* MonkeyCell.swift */,
				4AC1FEDD1F26869B00613334 /* MonkeyVideoCell.swift */,
				4AC1FEEB1F2A4EC200613334 /* Data Models */,
				4AC1FEDB1F26861000613334 /* MonkeyVideosTableViewController.swift */,
				4AC1FEDF1F27AE1700613334 /* DetailsViewController.swift */,
				4A0278751F2105050060DAC3 /* ViewController.swift */,
				4AC1FECB1F214EBF00613334 /* MonkeyImagesViewController.swift */,
				4AC1FECD1F21617C00613334 /* MonkeyCategoryViewController.swift */,
				4A0278771F2105050060DAC3 /* Main.storyboard */,
				4A02787D1F2105050060DAC3 /* Assets.xcassets */,
				4A02787F1F2105050060DAC3 /* LaunchScreen.storyboard */,
				4A0278821F2105050060DAC3 /* Info.plist */,
				4A02787A1F2105050060DAC3 /* MonkeyDataTesting.xcdatamodeld */,
			);
			path = MonkeyDataTesting;
			sourceTree = "<group>";
		};
		4AC1FEEB1F2A4EC200613334 /* Data Models */ = {
			isa = PBXGroup;
			children = (
				4AC1FEC71F21492B00613334 /* MonkeyPlaylist.swift */,
				4AC1FECF1F22798100613334 /* MonkeyPlaylistInfo.swift */,
				4AC1FED51F26704300613334 /* MonkeyVideo.swift */,
				4AC1FEC91F21497300613334 /* MonkeyImage.swift */,
				4AC1FEC51F21490300613334 /* LiveMonkey.swift */,
				4AC1FEC31F2148DF00613334 /* MonkeyCategory.swift */,
				4AC1FEC11F21489F00613334 /* FeaturedMonkey.swift */,
				4AC1FEBF1F21126400613334 /* MonkeyChannel.swift */,
			);
			name = "Data Models";
			sourceTree = "<group>";
		};
/* End PBXGroup section */

/* Begin PBXNativeTarget section */
		4A02786F1F2105050060DAC3 /* MonkeyDataTesting */ = {
			isa = PBXNativeTarget;
			buildConfigurationList = 4A0278851F2105050060DAC3 /* Build configuration list for PBXNativeTarget "MonkeyDataTesting" */;
			buildPhases = (
				4A02786C1F2105050060DAC3 /* Sources */,
				4A02786D1F2105050060DAC3 /* Frameworks */,
				4A02786E1F2105050060DAC3 /* Resources */,
			);
			buildRules = (
			);
			dependencies = (
			);
			name = MonkeyDataTesting;
			productName = MonkeyDataTesting;
			productReference = 4A0278701F2105050060DAC3 /* MonkeyDataTesting.app */;
			productType = "com.apple.product-type.application";
		};
/* End PBXNativeTarget section */

/* Begin PBXProject section */
		4A0278681F2105050060DAC3 /* Project object */ = {
			isa = PBXProject;
			attributes = {
				LastSwiftUpdateCheck = 0830;
				LastUpgradeCheck = 0830;
				ORGANIZATIONNAME = gergusa;
				TargetAttributes = {
					4A02786F1F2105050060DAC3 = {
						CreatedOnToolsVersion = 8.3.2;
						DevelopmentTeam = Q8WPW9BZ33;
						ProvisioningStyle = Automatic;
					};
				};
			};
			buildConfigurationList = 4A02786B1F2105050060DAC3 /* Build configuration list for PBXProject "MonkeyDataTesting" */;
			compatibilityVersion = "Xcode 3.2";
			developmentRegion = English;
			hasScannedForEncodings = 0;
			knownRegions = (
				en,
				Base,
			);
			mainGroup = 4A0278671F2105050060DAC3;
			productRefGroup = 4A0278711F2105050060DAC3 /* Products */;
			projectDirPath = "";
			projectRoot = "";
			targets = (
				4A02786F1F2105050060DAC3 /* MonkeyDataTesting */,
			);
		};
/* End PBXProject section */

/* Begin PBXResourcesBuildPhase section */
		4A02786E1F2105050060DAC3 /* Resources */ = {
			isa = PBXResourcesBuildPhase;
			buildActionMask = 2147483647;
			files = (
				4A0278811F2105050060DAC3 /* LaunchScreen.storyboard in Resources */,
				4A02787E1F2105050060DAC3 /* Assets.xcassets in Resources */,
				4A0278791F2105050060DAC3 /* Main.storyboard in Resources */,
			);
			runOnlyForDeploymentPostprocessing = 0;
		};
/* End PBXResourcesBuildPhase section */

/* Begin PBXSourcesBuildPhase section */
		4A02786C1F2105050060DAC3 /* Sources */ = {
			isa = PBXSourcesBuildPhase;
			buildActionMask = 2147483647;
			files = (
				4A02788B1F2109C40060DAC3 /* APIController.swift in Sources */,
				4AC1FEC81F21492B00613334 /* MonkeyPlaylist.swift in Sources */,
				4A02788F1F2109F30060DAC3 /* DataManager.swift in Sources */,
				4AC1FEDC1F26861100613334 /* MonkeyVideosTableViewController.swift in Sources */,
				4AC1FEC61F21490300613334 /* LiveMonkey.swift in Sources */,
				4AC1FEC21F21489F00613334 /* FeaturedMonkey.swift in Sources */,
				4AC1FEE61F29464200613334 /* CoreDataManager.swift in Sources */,
				4A0278761F2105050060DAC3 /* ViewController.swift in Sources */,
				4AC1FED61F26704300613334 /* MonkeyVideo.swift in Sources */,
				4AC1FED01F22798100613334 /* MonkeyPlaylistInfo.swift in Sources */,
				4A02787C1F2105050060DAC3 /* MonkeyDataTesting.xcdatamodeld in Sources */,
				4AC1FEC41F2148DF00613334 /* MonkeyCategory.swift in Sources */,
				4AC1FEE01F27AE1700613334 /* DetailsViewController.swift in Sources */,
				4AC1FECC1F214EBF00613334 /* MonkeyImagesViewController.swift in Sources */,
				4AC1FEDA1F267BD500613334 /* RefTableViewController.swift in Sources */,
				4AC1FEE81F2A363A00613334 /* SearchViewController.swift in Sources */,
				4AC1FECE1F21617C00613334 /* MonkeyCategoryViewController.swift in Sources */,
				4A0278741F2105050060DAC3 /* AppDelegate.swift in Sources */,
				4AC1FEE21F27C1F200613334 /* DetailVideoCell.swift in Sources */,
				4A02788D1F2109D90060DAC3 /* Video.swift in Sources */,
				4AC1FED81F267BAF00613334 /* MonkeyCell.swift in Sources */,
				4AC1FEE41F293AC000613334 /* RawVideo.swift in Sources */,
				4AC1FECA1F21497300613334 /* MonkeyImage.swift in Sources */,
				4AC1FEDE1F26869B00613334 /* MonkeyVideoCell.swift in Sources */,
				4AC1FEEA1F2A490D00613334 /* ResultsCell.swift in Sources */,
				4AC1FEC01F21126400613334 /* MonkeyChannel.swift in Sources */,
			);
			runOnlyForDeploymentPostprocessing = 0;
		};
/* End PBXSourcesBuildPhase section */

/* Begin PBXVariantGroup section */
		4A0278771F2105050060DAC3 /* Main.storyboard */ = {
			isa = PBXVariantGroup;
			children = (
				4A0278781F2105050060DAC3 /* Base */,
			);
			name = Main.storyboard;
			sourceTree = "<group>";
		};
		4A02787F1F2105050060DAC3 /* LaunchScreen.storyboard */ = {
			isa = PBXVariantGroup;
			children = (
				4A0278801F2105050060DAC3 /* Base */,
			);
			name = LaunchScreen.storyboard;
			sourceTree = "<group>";
		};
/* End PBXVariantGroup section */

/* Begin XCBuildConfiguration section */
		4A0278831F2105050060DAC3 /* Debug */ = {
			isa = XCBuildConfiguration;
			buildSettings = {
				ALWAYS_SEARCH_USER_PATHS = NO;
				CLANG_ANALYZER_NONNULL = YES;
				CLANG_ANALYZER_NUMBER_OBJECT_CONVERSION = YES_AGGRESSIVE;
				CLANG_CXX_LANGUAGE_STANDARD = "gnu++0x";
				CLANG_CXX_LIBRARY = "libc++";
				CLANG_ENABLE_MODULES = YES;
				CLANG_ENABLE_OBJC_ARC = YES;
				CLANG_WARN_BOOL_CONVERSION = YES;
				CLANG_WARN_CONSTANT_CONVERSION = YES;
				CLANG_WARN_DIRECT_OBJC_ISA_USAGE = YES_ERROR;
				CLANG_WARN_DOCUMENTATION_COMMENTS = YES;
				CLANG_WARN_EMPTY_BODY = YES;
				CLANG_WARN_ENUM_CONVERSION = YES;
				CLANG_WARN_INFINITE_RECURSION = YES;
				CLANG_WARN_INT_CONVERSION = YES;
				CLANG_WARN_OBJC_ROOT_CLASS = YES_ERROR;
				CLANG_WARN_SUSPICIOUS_MOVE = YES;
				CLANG_WARN_UNREACHABLE_CODE = YES;
				CLANG_WARN__DUPLICATE_METHOD_MATCH = YES;
				"CODE_SIGN_IDENTITY[sdk=iphoneos*]" = "iPhone Developer";
				COPY_PHASE_STRIP = NO;
				DEBUG_INFORMATION_FORMAT = dwarf;
				ENABLE_STRICT_OBJC_MSGSEND = YES;
				ENABLE_TESTABILITY = YES;
				GCC_C_LANGUAGE_STANDARD = gnu99;
				GCC_DYNAMIC_NO_PIC = NO;
				GCC_NO_COMMON_BLOCKS = YES;
				GCC_OPTIMIZATION_LEVEL = 0;
				GCC_PREPROCESSOR_DEFINITIONS = (
					"DEBUG=1",
					"$(inherited)",
				);
				GCC_WARN_64_TO_32_BIT_CONVERSION = YES;
				GCC_WARN_ABOUT_RETURN_TYPE = YES_ERROR;
				GCC_WARN_UNDECLARED_SELECTOR = YES;
				GCC_WARN_UNINITIALIZED_AUTOS = YES_AGGRESSIVE;
				GCC_WARN_UNUSED_FUNCTION = YES;
				GCC_WARN_UNUSED_VARIABLE = YES;
				IPHONEOS_DEPLOYMENT_TARGET = 10.3;
				MTL_ENABLE_DEBUG_INFO = YES;
				ONLY_ACTIVE_ARCH = YES;
				SDKROOT = iphoneos;
				SWIFT_ACTIVE_COMPILATION_CONDITIONS = DEBUG;
				SWIFT_OPTIMIZATION_LEVEL = "-Onone";
				TARGETED_DEVICE_FAMILY = "1,2";
			};
			name = Debug;
		};
		4A0278841F2105050060DAC3 /* Release */ = {
			isa = XCBuildConfiguration;
			buildSettings = {
				ALWAYS_SEARCH_USER_PATHS = NO;
				CLANG_ANALYZER_NONNULL = YES;
				CLANG_ANALYZER_NUMBER_OBJECT_CONVERSION = YES_AGGRESSIVE;
				CLANG_CXX_LANGUAGE_STANDARD = "gnu++0x";
				CLANG_CXX_LIBRARY = "libc++";
				CLANG_ENABLE_MODULES = YES;
				CLANG_ENABLE_OBJC_ARC = YES;
				CLANG_WARN_BOOL_CONVERSION = YES;
				CLANG_WARN_CONSTANT_CONVERSION = YES;
				CLANG_WARN_DIRECT_OBJC_ISA_USAGE = YES_ERROR;
				CLANG_WARN_DOCUMENTATION_COMMENTS = YES;
				CLANG_WARN_EMPTY_BODY = YES;
				CLANG_WARN_ENUM_CONVERSION = YES;
				CLANG_WARN_INFINITE_RECURSION = YES;
				CLANG_WARN_INT_CONVERSION = YES;
				CLANG_WARN_OBJC_ROOT_CLASS = YES_ERROR;
				CLANG_WARN_SUSPICIOUS_MOVE = YES;
				CLANG_WARN_UNREACHABLE_CODE = YES;
				CLANG_WARN__DUPLICATE_METHOD_MATCH = YES;
				"CODE_SIGN_IDENTITY[sdk=iphoneos*]" = "iPhone Developer";
				COPY_PHASE_STRIP = NO;
				DEBUG_INFORMATION_FORMAT = "dwarf-with-dsym";
				ENABLE_NS_ASSERTIONS = NO;
				ENABLE_STRICT_OBJC_MSGSEND = YES;
				GCC_C_LANGUAGE_STANDARD = gnu99;
				GCC_NO_COMMON_BLOCKS = YES;
				GCC_WARN_64_TO_32_BIT_CONVERSION = YES;
				GCC_WARN_ABOUT_RETURN_TYPE = YES_ERROR;
				GCC_WARN_UNDECLARED_SELECTOR = YES;
				GCC_WARN_UNINITIALIZED_AUTOS = YES_AGGRESSIVE;
				GCC_WARN_UNUSED_FUNCTION = YES;
				GCC_WARN_UNUSED_VARIABLE = YES;
				IPHONEOS_DEPLOYMENT_TARGET = 10.3;
				MTL_ENABLE_DEBUG_INFO = NO;
				SDKROOT = iphoneos;
				SWIFT_OPTIMIZATION_LEVEL = "-Owholemodule";
				TARGETED_DEVICE_FAMILY = "1,2";
				VALIDATE_PRODUCT = YES;
			};
			name = Release;
		};
		4A0278861F2105050060DAC3 /* Debug */ = {
			isa = XCBuildConfiguration;
			buildSettings = {
				ASSETCATALOG_COMPILER_APPICON_NAME = AppIcon;
				DEVELOPMENT_TEAM = Q8WPW9BZ33;
				INFOPLIST_FILE = MonkeyDataTesting/Info.plist;
				LD_RUNPATH_SEARCH_PATHS = "$(inherited) @executable_path/Frameworks";
				PRODUCT_BUNDLE_IDENTIFIER = com.gergusa.MonkeyDataTesting;
				PRODUCT_NAME = "$(TARGET_NAME)";
				SWIFT_VERSION = 3.0;
			};
			name = Debug;
		};
		4A0278871F2105050060DAC3 /* Release */ = {
			isa = XCBuildConfiguration;
			buildSettings = {
				ASSETCATALOG_COMPILER_APPICON_NAME = AppIcon;
				DEVELOPMENT_TEAM = Q8WPW9BZ33;
				INFOPLIST_FILE = MonkeyDataTesting/Info.plist;
				LD_RUNPATH_SEARCH_PATHS = "$(inherited) @executable_path/Frameworks";
				PRODUCT_BUNDLE_IDENTIFIER = com.gergusa.MonkeyDataTesting;
				PRODUCT_NAME = "$(TARGET_NAME)";
				SWIFT_VERSION = 3.0;
			};
			name = Release;
		};
/* End XCBuildConfiguration section */

/* Begin XCConfigurationList section */
		4A02786B1F2105050060DAC3 /* Build configuration list for PBXProject "MonkeyDataTesting" */ = {
			isa = XCConfigurationList;
			buildConfigurations = (
				4A0278831F2105050060DAC3 /* Debug */,
				4A0278841F2105050060DAC3 /* Release */,
			);
			defaultConfigurationIsVisible = 0;
			defaultConfigurationName = Release;
		};
		4A0278851F2105050060DAC3 /* Build configuration list for PBXNativeTarget "MonkeyDataTesting" */ = {
			isa = XCConfigurationList;
			buildConfigurations = (
				4A0278861F2105050060DAC3 /* Debug */,
				4A0278871F2105050060DAC3 /* Release */,
			);
			defaultConfigurationIsVisible = 0;
			defaultConfigurationName = Release;
		};
/* End XCConfigurationList section */

/* Begin XCVersionGroup section */
		4A02787A1F2105050060DAC3 /* MonkeyDataTesting.xcdatamodeld */ = {
			isa = XCVersionGroup;
			children = (
				4A02787B1F2105050060DAC3 /* MonkeyDataTesting.xcdatamodel */,
			);
			currentVersion = 4A02787B1F2105050060DAC3 /* MonkeyDataTesting.xcdatamodel */;
			path = MonkeyDataTesting.xcdatamodeld;
			sourceTree = "<group>";
			versionGroupType = wrapper.xcdatamodel;
		};
/* End XCVersionGroup section */
	};
	rootObject = 4A0278681F2105050060DAC3 /* Project object */;
}
